
Microsoft Visual Studio Solution File, Format Version 12.00
# Visual Studio 15
VisualStudioVersion = 15.0.28307.572
MinimumVisualStudioVersion = 10.0.40219.1
Project("{FAE04EC0-301F-11D3-BF4B-00C04F79EFBC}") = "Epam_Task4", "Epam_Task4\Epam_Task4.csproj", "{7ABB9736-2B5E-49DA-BA62-6A71C587FD0E}"
EndProject
Global
	GlobalSection(SolutionConfigurationPlatforms) = preSolution
		Debug|Any CPU = Debug|Any CPU
		Release|Any CPU = Release|Any CPU
	EndGlobalSection
	GlobalSection(ProjectConfigurationPlatforms) = postSolution
		{7ABB9736-2B5E-49DA-BA62-6A71C587FD0E}.Debug|Any CPU.ActiveCfg = Debug|Any CPU
		{7ABB9736-2B5E-49DA-BA62-6A71C587FD0E}.Debug|Any CPU.Build.0 = Debug|Any CPU
		{7ABB9736-2B5E-49DA-BA62-6A71C587FD0E}.Release|Any CPU.ActiveCfg = Release|Any CPU
		{7ABB9736-2B5E-49DA-BA62-6A71C587FD0E}.Release|Any CPU.Build.0 = Release|Any CPU
	EndGlobalSection
	GlobalSection(SolutionProperties) = preSolution
		HideSolutionNode = FALSE
	EndGlobalSection
	GlobalSection(ExtensibilityGlobals) = postSolution
		SolutionGuid = {D6284515-0E64-47EC-96D5-C124BF08D44D}
	EndGlobalSection
EndGlobal
