
Microsoft Visual Studio Solution File, Format Version 12.00
# Visual Studio 15
VisualStudioVersion = 15.0.28307.572
MinimumVisualStudioVersion = 10.0.40219.1
Project("{FAE04EC0-301F-11D3-BF4B-00C04F79EFBC}") = "Epam_Task5", "Epam_Task5\Epam_Task5.csproj", "{7E55DA59-C204-48B7-8731-B77A66B037C5}"
EndProject
Global
	GlobalSection(SolutionConfigurationPlatforms) = preSolution
		Debug|Any CPU = Debug|Any CPU
		Release|Any CPU = Release|Any CPU
	EndGlobalSection
	GlobalSection(ProjectConfigurationPlatforms) = postSolution
		{7E55DA59-C204-48B7-8731-B77A66B037C5}.Debug|Any CPU.ActiveCfg = Debug|Any CPU
		{7E55DA59-C204-48B7-8731-B77A66B037C5}.Debug|Any CPU.Build.0 = Debug|Any CPU
		{7E55DA59-C204-48B7-8731-B77A66B037C5}.Release|Any CPU.ActiveCfg = Release|Any CPU
		{7E55DA59-C204-48B7-8731-B77A66B037C5}.Release|Any CPU.Build.0 = Release|Any CPU
	EndGlobalSection
	GlobalSection(SolutionProperties) = preSolution
		HideSolutionNode = FALSE
	EndGlobalSection
	GlobalSection(ExtensibilityGlobals) = postSolution
		SolutionGuid = {011DF587-03EF-4C9A-92EC-727D987E30DF}
	EndGlobalSection
EndGlobal
